<?xml version="1.0" encoding="utf-8"?>
<Project ToolsVersion="4.0" xmlns="http://schemas.microsoft.com/developer/msbuild/2003">
  <ItemGroup>
    <Filter Include="Source Files">
      <UniqueIdentifier>{e2a82ef2-05b7-4609-9c84-295771b9841c}</UniqueIdentifier>
      <Extensions>cpp;c;cxx;rc;def;r;odl;idl;hpj;bat</Extensions>
    </Filter>
    <Filter Include="Header Files">
      <UniqueIdentifier>{618da1a5-f192-44e1-8527-66147d2f22ab}</UniqueIdentifier>
      <Extensions>h;hpp;hxx;hm;inl</Extensions>
    </Filter>
    <Filter Include="Resource Files">
      <UniqueIdentifier>{00cecbd1-3aff-4488-be43-09fb5607b56b}</UniqueIdentifier>
      <Extensions>ico;cur;bmp;dlg;rc2;rct;bin;rgs;gif;jpg;jpeg;jpe</Extensions>
    </Filter>
  </ItemGroup>
  <ItemGroup>
    <ClCompile Include="Calc.cpp">
      <Filter>Source Files</Filter>
    </ClCompile>
    <ClCompile Include="Coupload.cpp">
      <Filter>Source Files</Filter>
    </ClCompile>
    <ClCompile Include="Datefunc.cpp">
      <Filter>Source Files</Filter>
    </ClCompile>
    <ClCompile Include="Errtext.cpp">
      <Filter>Source Files</Filter>
    </ClCompile>
    <ClCompile Include="ExceptionCalc.cpp">
      <Filter>Source Files</Filter>
    </ClCompile>
    <ClCompile Include="FinCalc.cpp">
      <Filter>Source Files</Filter>
    </ClCompile>
    <ClCompile Include="HOLIx.CPP">
      <Filter>Source Files</Filter>
    </ClCompile>
    <ClCompile Include="Instrument.cpp">
      <Filter>Source Files</Filter>
    </ClCompile>
    <ClCompile Include="Intcalc.cpp">
      <Filter>Source Files</Filter>
    </ClCompile>
    <ClCompile Include="PatCalc.cpp">
      <Filter>Source Files</Filter>
    </ClCompile>
    <ClCompile Include="Py_calc.cpp">
      <Filter>Source Files</Filter>
    </ClCompile>
    <ClCompile Include="Pyfront.cpp">
      <Filter>Source Files</Filter>
    </ClCompile>
    <ClCompile Include="RateCurve.cpp">
      <Filter>Source Files</Filter>
    </ClCompile>
    <ClCompile Include="Redmparr.cpp">
      <Filter>Source Files</Filter>
    </ClCompile>
    <ClCompile Include="StdAfx.cpp">
      <Filter>Source Files</Filter>
    </ClCompile>
    <ClCompile Include="holicodeproc.cpp">
      <Filter>Source Files</Filter>
    </ClCompile>
    <ClCompile Include="insevent.cpp">
      <Filter>Source Files</Filter>
    </ClCompile>
  </ItemGroup>
  <ItemGroup>
    <ClInclude Include="Calc.h">
      <Filter>Header Files</Filter>
    </ClInclude>
    <ClInclude Include="Datedec.h">
      <Filter>Header Files</Filter>
    </ClInclude>
    <ClInclude Include="Envir.h">
      <Filter>Header Files</Filter>
    </ClInclude>
    <ClInclude Include="Errdecs.h">
      <Filter>Header Files</Filter>
    </ClInclude>
    <ClInclude Include="ExceptionCalc.h">
      <Filter>Header Files</Filter>
    </ClInclude>
    <ClInclude Include="FRADECS.H">
      <Filter>Header Files</Filter>
    </ClInclude>
    <ClInclude Include="FinCalc.h">
      <Filter>Header Files</Filter>
    </ClInclude>
    <ClInclude Include="Gendec.h">
      <Filter>Header Files</Filter>
    </ClInclude>
    <ClInclude Include="HOLIDAYS.H">
      <Filter>Header Files</Filter>
    </ClInclude>
    <ClInclude Include="Holihead.h">
      <Filter>Header Files</Filter>
    </ClInclude>
    <ClInclude Include="Insclass.h">
      <Filter>Header Files</Filter>
    </ClInclude>
    <ClInclude Include="Insevent.h">
      <Filter>Header Files</Filter>
    </ClInclude>
    <ClInclude Include="Instr.h">
      <Filter>Header Files</Filter>
    </ClInclude>
    <ClInclude Include="Intdecs.h">
      <Filter>Header Files</Filter>
    </ClInclude>
    <ClInclude Include="Locals.h">
      <Filter>Header Files</Filter>
    </ClInclude>
    <ClInclude Include="POSPROC.H">
      <Filter>Header Files</Filter>
    </ClInclude>
    <ClInclude Include="PatCalc.h">
      <Filter>Header Files</Filter>
    </ClInclude>
    <ClInclude Include="Pydecs.h">
      <Filter>Header Files</Filter>
    </ClInclude>
    <ClInclude Include="Pyfront.h">
      <Filter>Header Files</Filter>
    </ClInclude>
    <ClInclude Include="RateCurve.h">
      <Filter>Header Files</Filter>
    </ClInclude>
    <ClInclude Include="Scrdec.h">
      <Filter>Header Files</Filter>
    </ClInclude>
    <ClInclude Include="Shrtdecs.h">
      <Filter>Header Files</Filter>
    </ClInclude>
    <ClInclude Include="StdAfx.h">
      <Filter>Header Files</Filter>
    </ClInclude>
    <ClInclude Include="Wordsymb.h">
      <Filter>Header Files</Filter>
    </ClInclude>
    <ClInclude Include="holicodeproc.h">
      <Filter>Header Files</Filter>
    </ClInclude>
  </ItemGroup>
  <ItemGroup>
    <Text Include="ReadMe.txt" />
  </ItemGroup>
</Project>